
Microsoft Visual Studio Solution File, Format Version 12.00
# Visual Studio 14
VisualStudioVersion = 14.0.25123.0
MinimumVisualStudioVersion = 10.0.40219.1
Project("{FAE04EC0-301F-11D3-BF4B-00C04F79EFBC}") = "pam-metier-simule", "pam-metier-simule\pam-metier-simule.csproj", "{025FD003-6704-404B-BA75-5B36415699F5}"
EndProject
Project("{FAE04EC0-301F-11D3-BF4B-00C04F79EFBC}") = "pam-web-01", "pam-web-01\pam-web-01.csproj", "{128AC82F-32D0-4D2B-BBE1-4B404E977938}"
EndProject
Global
	GlobalSection(SolutionConfigurationPlatforms) = preSolution
		Debug|Any CPU = Debug|Any CPU
		Release|Any CPU = Release|Any CPU
	EndGlobalSection
	GlobalSection(ProjectConfigurationPlatforms) = postSolution
		{025FD003-6704-404B-BA75-5B36415699F5}.Debug|Any CPU.ActiveCfg = Debug|Any CPU
		{025FD003-6704-404B-BA75-5B36415699F5}.Debug|Any CPU.Build.0 = Debug|Any CPU
		{025FD003-6704-404B-BA75-5B36415699F5}.Release|Any CPU.ActiveCfg = Release|Any CPU
		{025FD003-6704-404B-BA75-5B36415699F5}.Release|Any CPU.Build.0 = Release|Any CPU
		{128AC82F-32D0-4D2B-BBE1-4B404E977938}.Debug|Any CPU.ActiveCfg = Debug|Any CPU
		{128AC82F-32D0-4D2B-BBE1-4B404E977938}.Debug|Any CPU.Build.0 = Debug|Any CPU
		{128AC82F-32D0-4D2B-BBE1-4B404E977938}.Release|Any CPU.ActiveCfg = Release|Any CPU
		{128AC82F-32D0-4D2B-BBE1-4B404E977938}.Release|Any CPU.Build.0 = Release|Any CPU
	EndGlobalSection
	GlobalSection(SolutionProperties) = preSolution
		HideSolutionNode = FALSE
	EndGlobalSection
EndGlobal
